
Microsoft Visual Studio Solution File, Format Version 12.00
# Visual Studio Version 16
VisualStudioVersion = 16.0.34031.81
MinimumVisualStudioVersion = 10.0.40219.1
Project("{FAE04EC0-301F-11D3-BF4B-00C04F79EFBC}") = "Prueba_RSA", "Prueba_RSA\Prueba_RSA.csproj", "{0ED7295C-1984-4FAC-B5FA-FADD1C5BC76E}"
EndProject
Global
	GlobalSection(SolutionConfigurationPlatforms) = preSolution
		Debug|Any CPU = Debug|Any CPU
		Release|Any CPU = Release|Any CPU
	EndGlobalSection
	GlobalSection(ProjectConfigurationPlatforms) = postSolution
		{0ED7295C-1984-4FAC-B5FA-FADD1C5BC76E}.Debug|Any CPU.ActiveCfg = Debug|Any CPU
		{0ED7295C-1984-4FAC-B5FA-FADD1C5BC76E}.Debug|Any CPU.Build.0 = Debug|Any CPU
		{0ED7295C-1984-4FAC-B5FA-FADD1C5BC76E}.Release|Any CPU.ActiveCfg = Release|Any CPU
		{0ED7295C-1984-4FAC-B5FA-FADD1C5BC76E}.Release|Any CPU.Build.0 = Release|Any CPU
	EndGlobalSection
	GlobalSection(SolutionProperties) = preSolution
		HideSolutionNode = FALSE
	EndGlobalSection
	GlobalSection(ExtensibilityGlobals) = postSolution
		SolutionGuid = {14F76AEA-7272-44D6-B115-745D3E39C8E5}
	EndGlobalSection
EndGlobal
